
Microsoft Visual Studio Solution File, Format Version 12.00
# Visual Studio Version 17
VisualStudioVersion = 17.1.31911.260
MinimumVisualStudioVersion = 10.0.40219.1
Project("{FAE04EC0-301F-11D3-BF4B-00C04F79EFBC}") = "ZbiorBiblioteka", "ZbiorBibliotek\ZbiorBiblioteka.csproj", "{406CE720-0578-4089-9850-A2A4E0397A56}"
EndProject
Project("{FAE04EC0-301F-11D3-BF4B-00C04F79EFBC}") = "ZbiorUnitTest", "ZbiorUnitTest\ZbiorUnitTest.csproj", "{2474595D-4ABD-405A-B6A5-41FC180E28C5}"
EndProject
Global
	GlobalSection(SolutionConfigurationPlatforms) = preSolution
		Debug|Any CPU = Debug|Any CPU
		Release|Any CPU = Release|Any CPU
	EndGlobalSection
	GlobalSection(ProjectConfigurationPlatforms) = postSolution
		{406CE720-0578-4089-9850-A2A4E0397A56}.Debug|Any CPU.ActiveCfg = Debug|Any CPU
		{406CE720-0578-4089-9850-A2A4E0397A56}.Debug|Any CPU.Build.0 = Debug|Any CPU
		{406CE720-0578-4089-9850-A2A4E0397A56}.Release|Any CPU.ActiveCfg = Release|Any CPU
		{406CE720-0578-4089-9850-A2A4E0397A56}.Release|Any CPU.Build.0 = Release|Any CPU
		{2474595D-4ABD-405A-B6A5-41FC180E28C5}.Debug|Any CPU.ActiveCfg = Debug|Any CPU
		{2474595D-4ABD-405A-B6A5-41FC180E28C5}.Debug|Any CPU.Build.0 = Debug|Any CPU
		{2474595D-4ABD-405A-B6A5-41FC180E28C5}.Release|Any CPU.ActiveCfg = Release|Any CPU
		{2474595D-4ABD-405A-B6A5-41FC180E28C5}.Release|Any CPU.Build.0 = Release|Any CPU
	EndGlobalSection
	GlobalSection(SolutionProperties) = preSolution
		HideSolutionNode = FALSE
	EndGlobalSection
	GlobalSection(ExtensibilityGlobals) = postSolution
		SolutionGuid = {0592CDE6-A295-4D3D-972F-9B2EFBF6398D}
	EndGlobalSection
EndGlobal
